
Microsoft Visual Studio Solution File, Format Version 12.00
# Visual Studio Version 17
VisualStudioVersion = 17.9.34728.123
MinimumVisualStudioVersion = 10.0.40219.1
Project("{9A19103F-16F7-4668-BE54-9A1E7A4F7556}") = "ROH", "ROH.csproj", "{AD77F7D0-BDB3-4FBE-95F0-6C5365F0A395}"
EndProject
Global
	GlobalSection(SolutionConfigurationPlatforms) = preSolution
		Debug|Any CPU = Debug|Any CPU
		Release|Any CPU = Release|Any CPU
	EndGlobalSection
	GlobalSection(ProjectConfigurationPlatforms) = postSolution
		{AD77F7D0-BDB3-4FBE-95F0-6C5365F0A395}.Debug|Any CPU.ActiveCfg = Debug|Any CPU
		{AD77F7D0-BDB3-4FBE-95F0-6C5365F0A395}.Debug|Any CPU.Build.0 = Debug|Any CPU
		{AD77F7D0-BDB3-4FBE-95F0-6C5365F0A395}.Release|Any CPU.ActiveCfg = Release|Any CPU
		{AD77F7D0-BDB3-4FBE-95F0-6C5365F0A395}.Release|Any CPU.Build.0 = Release|Any CPU
	EndGlobalSection
	GlobalSection(SolutionProperties) = preSolution
		HideSolutionNode = FALSE
	EndGlobalSection
	GlobalSection(ExtensibilityGlobals) = postSolution
		SolutionGuid = {F15B47EF-BAC0-43EC-B6A6-4713515550CB}
	EndGlobalSection
EndGlobal
